github.com/gorilla/mux v1.7.4 h1:VuZ8uybHlWmqV03+zRzdwKL4tUnIp1MAQtp1mIFE1bc=
github.com/gorilla/mux v1.7.4/go.mod h1:DVbg23sWSpFRCP0SfiEN6jmj59UnW/n46BH5rLB71So=
github.com/mercadolibre/golang-restclient v0.0.0-20170701022150-51958130a0a0 h1:EDOjA2IGgjSBlPlnW7CzBUo/o410SMiFh670jP29Kc4=
github.com/mercadolibre/golang-restclient v0.0.0-20170701022150-51958130a0a0/go.mod h1:Z7qYja4aGk/RWl1yJtN1LXRvC7Hsbq8SEbqWWDrMqMs=
github.com/nhsh1997/bookstore_oauth-go v0.0.0-20200427071405-2da43c2cdea7 h1:aFSif3uH1ZiH3To8oPyoXaqnDW9OWnlDvpFuVktIyj8=
github.com/nhsh1997/bookstore_oauth-go v0.0.0-20200427071405-2da43c2cdea7/go.mod h1:6bZ5z9FqG92hvCW5G73QkL762MVDVTku4Hk20ul71SE=
github.com/nhsh1997/bookstore_utils-go v0.0.0-20200427094656-da5bf3b64df7 h1:vgkulR3mm3eiPYI9bExVD9CHtB/NC3+s05KL4+rARcE=
github.com/nhsh1997/bookstore_utils-go v0.0.0-20200427094656-da5bf3b64df7/go.mod h1:7ORvh1gnUoeqK5sOlii8NEU+Q4bjjb7DmmSep8gquXQ=
